
Microsoft Visual Studio Solution File, Format Version 12.00
# Visual Studio Version 17
VisualStudioVersion = 17.4.33103.184
MinimumVisualStudioVersion = 10.0.40219.1
Project("{FAE04EC0-301F-11D3-BF4B-00C04F79EFBC}") = "Assignment 2 (Hoàng Việt)", "Assignment 2 (Hoàng Việt)\Assignment 2 (Hoàng Việt).csproj", "{166BDCDD-0E93-404F-B3AE-EFCE7BD66785}"
EndProject
Global
	GlobalSection(SolutionConfigurationPlatforms) = preSolution
		Debug|Any CPU = Debug|Any CPU
		Release|Any CPU = Release|Any CPU
	EndGlobalSection
	GlobalSection(ProjectConfigurationPlatforms) = postSolution
		{166BDCDD-0E93-404F-B3AE-EFCE7BD66785}.Debug|Any CPU.ActiveCfg = Debug|Any CPU
		{166BDCDD-0E93-404F-B3AE-EFCE7BD66785}.Debug|Any CPU.Build.0 = Debug|Any CPU
		{166BDCDD-0E93-404F-B3AE-EFCE7BD66785}.Release|Any CPU.ActiveCfg = Release|Any CPU
		{166BDCDD-0E93-404F-B3AE-EFCE7BD66785}.Release|Any CPU.Build.0 = Release|Any CPU
	EndGlobalSection
	GlobalSection(SolutionProperties) = preSolution
		HideSolutionNode = FALSE
	EndGlobalSection
	GlobalSection(ExtensibilityGlobals) = postSolution
		SolutionGuid = {CDF42BFA-A11B-4765-B8C8-E861B4FBFD64}
	EndGlobalSection
EndGlobal
